{
  "lockfileVersion": 1,
  "workspaces": {
    "": {
      "name": "axon",
      "devDependencies": {
        "turbo": "^2",
      },
    },
    "apps/example": {
      "name": "@axon/example",
      "version": "0.0.1",
    },
  },
  "packages": {
    "@axon/example": ["@axon/example@workspace:apps/example"],

    "turbo": ["turbo@2.7.3", "", { "optionalDependencies": { "turbo-darwin-64": "2.7.3", "turbo-darwin-arm64": "2.7.3", "turbo-linux-64": "2.7.3", "turbo-linux-arm64": "2.7.3", "turbo-windows-64": "2.7.3", "turbo-windows-arm64": "2.7.3" }, "bin": { "turbo": "bin/turbo" } }, "sha512-+HjKlP4OfYk+qzvWNETA3cUO5UuK6b5MSc2UJOKyvBceKucQoQGb2g7HlC2H1GHdkfKrk4YF1VPvROkhVZDDLQ=="],

    "turbo-darwin-64": ["turbo-darwin-64@2.7.3", "", { "os": "darwin", "cpu": "x64" }, "sha512-aZHhvRiRHXbJw1EcEAq4aws1hsVVUZ9DPuSFaq9VVFAKCup7niIEwc22glxb7240yYEr1vLafdQ2U294Vcwz+w=="],

    "turbo-darwin-arm64": ["turbo-darwin-arm64@2.7.3", "", { "os": "darwin", "cpu": "arm64" }, "sha512-CkVrHSq+Bnhl9sX2LQgqQYVfLTWC2gvI74C4758OmU0djfrssDKU9d4YQF0AYXXhIIRZipSXfxClQziIMD+EAg=="],

    "turbo-linux-64": ["turbo-linux-64@2.7.3", "", { "os": "linux", "cpu": "x64" }, "sha512-GqDsCNnzzr89kMaLGpRALyigUklzgxIrSy2pHZVXyifgczvYPnLglex78Aj3T2gu+T3trPPH2iJ+pWucVOCC2Q=="],

    "turbo-linux-arm64": ["turbo-linux-arm64@2.7.3", "", { "os": "linux", "cpu": "arm64" }, "sha512-NdCDTfIcIo3dWjsiaAHlxu5gW61Ed/8maah1IAF/9E3EtX0aAHNiBMbuYLZaR4vRJ7BeVkYB6xKWRtdFLZ0y3g=="],

    "turbo-windows-64": ["turbo-windows-64@2.7.3", "", { "os": "win32", "cpu": "x64" }, "sha512-7bVvO987daXGSJVYBoG8R4Q+csT1pKIgLJYZevXRQ0Hqw0Vv4mKme/TOjYXs9Qb1xMKh51Tb3bXKDbd8/4G08g=="],

    "turbo-windows-arm64": ["turbo-windows-arm64@2.7.3", "", { "os": "win32", "cpu": "arm64" }, "sha512-nTodweTbPmkvwMu/a55XvjMsPtuyUSC+sV7f/SR57K36rB2I0YG21qNETN+00LOTUW9B3omd8XkiXJkt4kx/cw=="],
  }
}
